
Microsoft Visual Studio Solution File, Format Version 10.00
# Visual Studio 2008
Project("{2150E333-8FDC-42A3-9474-1A3956D46DE8}") = "Samples", "Samples", "{1FC23F40-875B-481D-AB98-2128DBE71698}"
EndProject
Project("{FAE04EC0-301F-11D3-BF4B-00C04F79EFBC}") = "SharpICTCLAS", "SharpICTCLAS\SharpICTCLAS.csproj", "{E27DB382-5785-40F9-B671-197FD5B77569}"
EndProject
Project("{FAE04EC0-301F-11D3-BF4B-00C04F79EFBC}") = "SegmentSample", "Samples\SegmentSample\SegmentSample.csproj", "{81C0D36C-6A1E-4A56-B030-135E68D688F1}"
EndProject
Project("{FAE04EC0-301F-11D3-BF4B-00C04F79EFBC}") = "PreProcessUtility", "Samples\PreProcessUtility\PreProcessUtility.csproj", "{B896290B-EC03-4E5E-95C5-42358212EEFF}"
EndProject
Project("{FAE04EC0-301F-11D3-BF4B-00C04F79EFBC}") = "ConsoleTest", "Samples\ConsoleTest\ConsoleTest.csproj", "{EF04EA02-7C9E-4813-97A5-24F74215BACB}"
EndProject
Project("{FAE04EC0-301F-11D3-BF4B-00C04F79EFBC}") = "AddWords2Dict", "Samples\AddWords2Dict\AddWords2Dict.csproj", "{FAC6A8E8-2AB9-4E5B-904D-2ECD7A10ED45}"
EndProject
Project("{FAE04EC0-301F-11D3-BF4B-00C04F79EFBC}") = "MySegment", "Samples\MySegment\MySegment.csproj", "{E6FFAF58-B46B-4FE4-8F2F-AC2920086EF7}"
EndProject
Project("{FAE04EC0-301F-11D3-BF4B-00C04F79EFBC}") = "BackwardSplitting", "Samples\BackwardSplitting\BackwardSplitting.csproj", "{1E7BABF6-ECA4-4356-8835-A52BD81DC1A0}"
EndProject
Project("{FAE04EC0-301F-11D3-BF4B-00C04F79EFBC}") = "CorpusProcess", "Samples\CorpusProcess\CorpusProcess.csproj", "{9813668D-26C1-4CD2-B698-3E43DA1CC678}"
EndProject
Global
	GlobalSection(SolutionConfigurationPlatforms) = preSolution
		Debug|Any CPU = Debug|Any CPU
		Release|Any CPU = Release|Any CPU
	EndGlobalSection
	GlobalSection(ProjectConfigurationPlatforms) = postSolution
		{E27DB382-5785-40F9-B671-197FD5B77569}.Debug|Any CPU.ActiveCfg = Debug|Any CPU
		{E27DB382-5785-40F9-B671-197FD5B77569}.Debug|Any CPU.Build.0 = Debug|Any CPU
		{E27DB382-5785-40F9-B671-197FD5B77569}.Release|Any CPU.ActiveCfg = Release|Any CPU
		{E27DB382-5785-40F9-B671-197FD5B77569}.Release|Any CPU.Build.0 = Release|Any CPU
		{81C0D36C-6A1E-4A56-B030-135E68D688F1}.Debug|Any CPU.ActiveCfg = Debug|Any CPU
		{81C0D36C-6A1E-4A56-B030-135E68D688F1}.Debug|Any CPU.Build.0 = Debug|Any CPU
		{81C0D36C-6A1E-4A56-B030-135E68D688F1}.Release|Any CPU.ActiveCfg = Release|Any CPU
		{81C0D36C-6A1E-4A56-B030-135E68D688F1}.Release|Any CPU.Build.0 = Release|Any CPU
		{B896290B-EC03-4E5E-95C5-42358212EEFF}.Debug|Any CPU.ActiveCfg = Debug|Any CPU
		{B896290B-EC03-4E5E-95C5-42358212EEFF}.Debug|Any CPU.Build.0 = Debug|Any CPU
		{B896290B-EC03-4E5E-95C5-42358212EEFF}.Release|Any CPU.ActiveCfg = Release|Any CPU
		{B896290B-EC03-4E5E-95C5-42358212EEFF}.Release|Any CPU.Build.0 = Release|Any CPU
		{EF04EA02-7C9E-4813-97A5-24F74215BACB}.Debug|Any CPU.ActiveCfg = Debug|Any CPU
		{EF04EA02-7C9E-4813-97A5-24F74215BACB}.Debug|Any CPU.Build.0 = Debug|Any CPU
		{EF04EA02-7C9E-4813-97A5-24F74215BACB}.Release|Any CPU.ActiveCfg = Release|Any CPU
		{EF04EA02-7C9E-4813-97A5-24F74215BACB}.Release|Any CPU.Build.0 = Release|Any CPU
		{FAC6A8E8-2AB9-4E5B-904D-2ECD7A10ED45}.Debug|Any CPU.ActiveCfg = Debug|Any CPU
		{FAC6A8E8-2AB9-4E5B-904D-2ECD7A10ED45}.Debug|Any CPU.Build.0 = Debug|Any CPU
		{FAC6A8E8-2AB9-4E5B-904D-2ECD7A10ED45}.Release|Any CPU.ActiveCfg = Release|Any CPU
		{FAC6A8E8-2AB9-4E5B-904D-2ECD7A10ED45}.Release|Any CPU.Build.0 = Release|Any CPU
		{E6FFAF58-B46B-4FE4-8F2F-AC2920086EF7}.Debug|Any CPU.ActiveCfg = Debug|Any CPU
		{E6FFAF58-B46B-4FE4-8F2F-AC2920086EF7}.Debug|Any CPU.Build.0 = Debug|Any CPU
		{E6FFAF58-B46B-4FE4-8F2F-AC2920086EF7}.Release|Any CPU.ActiveCfg = Release|Any CPU
		{E6FFAF58-B46B-4FE4-8F2F-AC2920086EF7}.Release|Any CPU.Build.0 = Release|Any CPU
		{1E7BABF6-ECA4-4356-8835-A52BD81DC1A0}.Debug|Any CPU.ActiveCfg = Debug|Any CPU
		{1E7BABF6-ECA4-4356-8835-A52BD81DC1A0}.Debug|Any CPU.Build.0 = Debug|Any CPU
		{1E7BABF6-ECA4-4356-8835-A52BD81DC1A0}.Release|Any CPU.ActiveCfg = Release|Any CPU
		{1E7BABF6-ECA4-4356-8835-A52BD81DC1A0}.Release|Any CPU.Build.0 = Release|Any CPU
		{9813668D-26C1-4CD2-B698-3E43DA1CC678}.Debug|Any CPU.ActiveCfg = Debug|Any CPU
		{9813668D-26C1-4CD2-B698-3E43DA1CC678}.Debug|Any CPU.Build.0 = Debug|Any CPU
		{9813668D-26C1-4CD2-B698-3E43DA1CC678}.Release|Any CPU.ActiveCfg = Release|Any CPU
		{9813668D-26C1-4CD2-B698-3E43DA1CC678}.Release|Any CPU.Build.0 = Release|Any CPU
	EndGlobalSection
	GlobalSection(SolutionProperties) = preSolution
		HideSolutionNode = FALSE
	EndGlobalSection
	GlobalSection(NestedProjects) = preSolution
		{81C0D36C-6A1E-4A56-B030-135E68D688F1} = {1FC23F40-875B-481D-AB98-2128DBE71698}
		{B896290B-EC03-4E5E-95C5-42358212EEFF} = {1FC23F40-875B-481D-AB98-2128DBE71698}
		{EF04EA02-7C9E-4813-97A5-24F74215BACB} = {1FC23F40-875B-481D-AB98-2128DBE71698}
		{FAC6A8E8-2AB9-4E5B-904D-2ECD7A10ED45} = {1FC23F40-875B-481D-AB98-2128DBE71698}
		{E6FFAF58-B46B-4FE4-8F2F-AC2920086EF7} = {1FC23F40-875B-481D-AB98-2128DBE71698}
		{1E7BABF6-ECA4-4356-8835-A52BD81DC1A0} = {1FC23F40-875B-481D-AB98-2128DBE71698}
		{9813668D-26C1-4CD2-B698-3E43DA1CC678} = {1FC23F40-875B-481D-AB98-2128DBE71698}
	EndGlobalSection
EndGlobal
